
Microsoft Visual Studio Solution File, Format Version 12.00
# Visual Studio 15
Project("{FAE04EC0-301F-11D3-BF4B-00C04F79EFBC}") = "Natty.Go.Plugins", "Natty.Go.Plugins.csproj", "{9CB917D0-9CC6-3ED0-F642-B61344747860}"
EndProject
Project("{FAE04EC0-301F-11D3-BF4B-00C04F79EFBC}") = "Natty.Go", "Natty.Go.csproj", "{4BFAF0E4-3D80-EA67-99CA-648067D363E1}"
EndProject
Project("{FAE04EC0-301F-11D3-BF4B-00C04F79EFBC}") = "Natty.Go.Editor.Plugins", "Natty.Go.Editor.Plugins.csproj", "{0E9AD8C1-28B2-FC08-4871-51C420115303}"
EndProject
Project("{FAE04EC0-301F-11D3-BF4B-00C04F79EFBC}") = "Natty.Go.Editor", "Natty.Go.Editor.csproj", "{943FC650-DB49-2C4C-9448-6EE1F7A1FA10}"
EndProject
Global
	GlobalSection(SolutionConfigurationPlatforms) = preSolution
		Debug|Any CPU = Debug|Any CPU
		Release|Any CPU = Release|Any CPU
	EndGlobalSection
	GlobalSection(ProjectConfigurationPlatforms) = postSolution
		{9CB917D0-9CC6-3ED0-F642-B61344747860}.Debug|Any CPU.ActiveCfg = Debug|Any CPU
		{9CB917D0-9CC6-3ED0-F642-B61344747860}.Debug|Any CPU.Build.0 = Debug|Any CPU
		{9CB917D0-9CC6-3ED0-F642-B61344747860}.Release|Any CPU.ActiveCfg = Release|Any CPU
		{9CB917D0-9CC6-3ED0-F642-B61344747860}.Release|Any CPU.Build.0 = Release|Any CPU
		{4BFAF0E4-3D80-EA67-99CA-648067D363E1}.Debug|Any CPU.ActiveCfg = Debug|Any CPU
		{4BFAF0E4-3D80-EA67-99CA-648067D363E1}.Debug|Any CPU.Build.0 = Debug|Any CPU
		{4BFAF0E4-3D80-EA67-99CA-648067D363E1}.Release|Any CPU.ActiveCfg = Release|Any CPU
		{4BFAF0E4-3D80-EA67-99CA-648067D363E1}.Release|Any CPU.Build.0 = Release|Any CPU
		{0E9AD8C1-28B2-FC08-4871-51C420115303}.Debug|Any CPU.ActiveCfg = Debug|Any CPU
		{0E9AD8C1-28B2-FC08-4871-51C420115303}.Debug|Any CPU.Build.0 = Debug|Any CPU
		{0E9AD8C1-28B2-FC08-4871-51C420115303}.Release|Any CPU.ActiveCfg = Release|Any CPU
		{0E9AD8C1-28B2-FC08-4871-51C420115303}.Release|Any CPU.Build.0 = Release|Any CPU
		{943FC650-DB49-2C4C-9448-6EE1F7A1FA10}.Debug|Any CPU.ActiveCfg = Debug|Any CPU
		{943FC650-DB49-2C4C-9448-6EE1F7A1FA10}.Debug|Any CPU.Build.0 = Debug|Any CPU
		{943FC650-DB49-2C4C-9448-6EE1F7A1FA10}.Release|Any CPU.ActiveCfg = Release|Any CPU
		{943FC650-DB49-2C4C-9448-6EE1F7A1FA10}.Release|Any CPU.Build.0 = Release|Any CPU
	EndGlobalSection
	GlobalSection(SolutionProperties) = preSolution
		HideSolutionNode = FALSE
	EndGlobalSection
EndGlobal
